
Microsoft Visual Studio Solution File, Format Version 12.00
# Visual Studio Version 17
VisualStudioVersion = 17.8.34511.84
MinimumVisualStudioVersion = 10.0.40219.1
Project("{FAE04EC0-301F-11D3-BF4B-00C04F79EFBC}") = "Test", "Test.csproj", "{53533BEC-AB6F-4643-8C72-48DE2FE89F88}"
EndProject
Global
	GlobalSection(SolutionConfigurationPlatforms) = preSolution
		Debug|Any CPU = Debug|Any CPU
		Release|Any CPU = Release|Any CPU
	EndGlobalSection
	GlobalSection(ProjectConfigurationPlatforms) = postSolution
		{53533BEC-AB6F-4643-8C72-48DE2FE89F88}.Debug|Any CPU.ActiveCfg = Debug|Any CPU
		{53533BEC-AB6F-4643-8C72-48DE2FE89F88}.Debug|Any CPU.Build.0 = Debug|Any CPU
		{53533BEC-AB6F-4643-8C72-48DE2FE89F88}.Release|Any CPU.ActiveCfg = Release|Any CPU
		{53533BEC-AB6F-4643-8C72-48DE2FE89F88}.Release|Any CPU.Build.0 = Release|Any CPU
	EndGlobalSection
	GlobalSection(SolutionProperties) = preSolution
		HideSolutionNode = FALSE
	EndGlobalSection
	GlobalSection(ExtensibilityGlobals) = postSolution
		SolutionGuid = {484D5DE3-9B9B-415B-9A95-977FF6A220BF}
	EndGlobalSection
EndGlobal
